{
    "_meta": {
        "hash": {
            "sha256": "bcd8b68486cf81efe43484ad7dc417af42861cd7164436915097d8b6192a161d"
        },
        "host-environment-markers": {
            "implementation_name": "cpython",
            "implementation_version": "3.6.2",
            "os_name": "posix",
            "platform_machine": "x86_64",
            "platform_python_implementation": "CPython",
            "platform_release": "16.7.0",
            "platform_system": "Darwin",
            "platform_version": "Darwin Kernel Version 16.7.0: Thu Jun 15 17:36:27 PDT 2017; root:xnu-3789.70.16~2/RELEASE_X86_64",
            "python_full_version": "3.6.2",
            "python_version": "3.6",
            "sys_platform": "darwin"
        },
        "pipfile-spec": 6,
        "requires": {},
        "sources": [
            {
                "name": "pypi",
                "url": "https://pypi.python.org/simple",
                "verify_ssl": true
            }
        ]
    },
    "default": {
        "psutil": {
            "hashes": [
                "sha256:8121039d2280275ac82f99a0a48110450cbf5b356a11c842c8f5cdeafdf105e1",
                "sha256:fcd93acb2602d01b86e0cfa4c2db689a81badae98d9c572348c94f1b2ea4b30d",
                "sha256:60a58bfdda1fc6e86ecf95c6eef71252d9049694df9aa0a16c2841a425fc9deb",
                "sha256:9956b370243005d5561a94efa44b0cddb826d1f14d21958003925b008d3b9eb1",
                "sha256:104fec73d9ed573351f3efbf1b7ee19eb3b4097e2b3d9ff26b1ac5bca52b6f9e",
                "sha256:64b2814b30452d854d5f7a7c9c0d77423388b44eb2a8bcab3b84feeceaba8ffb",
                "sha256:1a89ba967d4b9a3d5f19ea2c63b09e5ffb3a81de3116ead7bfb67b9c308e8dba",
                "sha256:c8362902d4d94640c61960c18d8aa1af074822a549c3d4f137be3aa62c17f4b9",
                "sha256:04ed7548dfe61ab2561a94ac848a5b79239bb23e9015596ffd0644efd22461ba",
                "sha256:346555603ea903a5524bb37a49b0e0f90960c6c9973ebf794ae0802a4aa875eb",
                "sha256:8e6397ec24a2ec09751447d9f169486b68b37ac7a8d794dca003ace4efaafc6a"
            ],
            "version": "==5.4.0"
        },
        "pyyaml": {
            "hashes": [
                "sha256:3262c96a1ca437e7e4763e2843746588a965426550f3797a79fca9c6199c431f",
                "sha256:16b20e970597e051997d90dc2cddc713a2876c47e3d92d59ee198700c5427736",
                "sha256:e863072cdf4c72eebf179342c94e6989c67185842d9997960b3e69290b2fa269",
                "sha256:bc6bced57f826ca7cb5125a10b23fd0f2fff3b7c4701d64c439a300ce665fff8",
                "sha256:c01b880ec30b5a6e6aa67b09a2fe3fb30473008c85cd6a67359a1b15ed6d83a4",
                "sha256:827dc04b8fa7d07c44de11fabbc888e627fa8293b695e0f99cb544fdfa1bf0d1",
                "sha256:592766c6303207a20efc445587778322d7f73b161bd994f227adaa341ba212ab",
                "sha256:5f84523c076ad14ff5e6c037fe1c89a7f73a3e04cf0377cb4d017014976433f3",
                "sha256:0c507b7f74b3d2dd4d1322ec8a94794927305ab4cebbe89cc47fe5e81541e6e8",
                "sha256:b4c423ab23291d3945ac61346feeb9a0dc4184999ede5e7c43e1ffb975130ae6",
                "sha256:ca233c64c6e40eaa6c66ef97058cdc80e8d0157a443655baa1b2966e812807ca",
                "sha256:4474f8ea030b5127225b8894d626bb66c01cda098d47a2b0d3429b6700af9fd8",
                "sha256:326420cbb492172dec84b0f65c80942de6cedb5233c413dd824483989c000608",
                "sha256:5ac82e411044fb129bae5cfbeb3ba626acb2af31a8d17d175004b70862a741a7"
            ],
            "version": "==3.12"
        }
    },
    "develop": {
        "bump2version": {
            "hashes": [
                "sha256:77b404dd620cb1c5abbd4a0233443b95023f499cd5295e1caf6afb1efa95697d",
                "sha256:fe49d35fc346fdda47c2b3bc48b41e15e79385904903d1bca247cc96ecd74e23"
            ],
            "version": "==0.5.6"
        }
    }
}
